
Microsoft Visual Studio Solution File, Format Version 12.00
# Visual Studio Version 16
VisualStudioVersion = 16.0.29424.173
MinimumVisualStudioVersion = 10.0.40219.1
Project("{FAE04EC0-301F-11D3-BF4B-00C04F79EFBC}") = "InventoryManagement", "InventoryManagement\InventoryManagement.csproj", "{9E6E84B4-B7D1-4A50-9012-68359B7EEA57}"
EndProject
Global
	GlobalSection(SolutionConfigurationPlatforms) = preSolution
		Debug|Any CPU = Debug|Any CPU
		Release|Any CPU = Release|Any CPU
	EndGlobalSection
	GlobalSection(ProjectConfigurationPlatforms) = postSolution
		{9E6E84B4-B7D1-4A50-9012-68359B7EEA57}.Debug|Any CPU.ActiveCfg = Debug|Any CPU
		{9E6E84B4-B7D1-4A50-9012-68359B7EEA57}.Debug|Any CPU.Build.0 = Debug|Any CPU
		{9E6E84B4-B7D1-4A50-9012-68359B7EEA57}.Release|Any CPU.ActiveCfg = Release|Any CPU
		{9E6E84B4-B7D1-4A50-9012-68359B7EEA57}.Release|Any CPU.Build.0 = Release|Any CPU
	EndGlobalSection
	GlobalSection(SolutionProperties) = preSolution
		HideSolutionNode = FALSE
	EndGlobalSection
	GlobalSection(ExtensibilityGlobals) = postSolution
		SolutionGuid = {FB2B74B2-23B1-4691-93CA-027E94C4F2D2}
	EndGlobalSection
EndGlobal
